# This file is autogenerated, do not edit; changes may be undone by the next 'dep ensure'.


[[projects]]
  branch = "master"
  name = "golang.org/x/sys"
  packages = ["unix"]
  revision = "5513e650ab47a692d3a036d49be8fa52ddd09b65"

[[projects]]
  name = "gopkg.in/fsnotify.v1"
  packages = ["."]
  revision = "629574ca2a5df945712d3079857300b5e4da0236"
  version = "v1.4.2"

[solve-meta]
  analyzer-name = "dep"
  analyzer-version = 1
  inputs-digest = "80db5c1334b36787bf3c84fe346e3d509446b6d20b9960ff132296dd08a0d52e"
  solver-name = "gps-cdcl"
  solver-version = 1
